
Microsoft Visual Studio Solution File, Format Version 12.00
# Visual Studio 2013
VisualStudioVersion = 12.0.40629.0
MinimumVisualStudioVersion = 10.0.40219.1
Project("{FAE04EC0-301F-11D3-BF4B-00C04F79EFBC}") = "Subscriber", "Subscriber\Subscriber.csproj", "{B68FB52F-D4AE-458A-AA00-B34BB915E9E9}"
EndProject
Project("{FAE04EC0-301F-11D3-BF4B-00C04F79EFBC}") = "Publisher", "Publisher\Publisher.csproj", "{4E6A6EF9-77F7-466D-8B97-960640CBF8EB}"
EndProject
Global
	GlobalSection(SolutionConfigurationPlatforms) = preSolution
		Debug|Any CPU = Debug|Any CPU
		Release|Any CPU = Release|Any CPU
	EndGlobalSection
	GlobalSection(ProjectConfigurationPlatforms) = postSolution
		{B68FB52F-D4AE-458A-AA00-B34BB915E9E9}.Debug|Any CPU.ActiveCfg = Debug|Any CPU
		{B68FB52F-D4AE-458A-AA00-B34BB915E9E9}.Debug|Any CPU.Build.0 = Debug|Any CPU
		{B68FB52F-D4AE-458A-AA00-B34BB915E9E9}.Release|Any CPU.ActiveCfg = Release|Any CPU
		{B68FB52F-D4AE-458A-AA00-B34BB915E9E9}.Release|Any CPU.Build.0 = Release|Any CPU
		{4E6A6EF9-77F7-466D-8B97-960640CBF8EB}.Debug|Any CPU.ActiveCfg = Debug|Any CPU
		{4E6A6EF9-77F7-466D-8B97-960640CBF8EB}.Debug|Any CPU.Build.0 = Debug|Any CPU
		{4E6A6EF9-77F7-466D-8B97-960640CBF8EB}.Release|Any CPU.ActiveCfg = Release|Any CPU
		{4E6A6EF9-77F7-466D-8B97-960640CBF8EB}.Release|Any CPU.Build.0 = Release|Any CPU
	EndGlobalSection
	GlobalSection(SolutionProperties) = preSolution
		HideSolutionNode = FALSE
	EndGlobalSection
EndGlobal
